
Microsoft Visual Studio Solution File, Format Version 12.00
# Visual Studio 15
VisualStudioVersion = 15.0.27130.2010
MinimumVisualStudioVersion = 10.0.40219.1
Project("{FAE04EC0-301F-11D3-BF4B-00C04F79EFBC}") = "SpeedLimitFollowup.Core", "SpeedLimitFollowup.Core\SpeedLimitFollowup.Core.csproj", "{8A106117-B034-42E1-942C-FA746F7CF382}"
EndProject
Project("{FAE04EC0-301F-11D3-BF4B-00C04F79EFBC}") = "SpeedLimitFollowup.Console", "SpeedLimitFollowup.Console\SpeedLimitFollowup.Console.csproj", "{30CA2FE0-BBE1-41C5-B08C-E97975C5DFAF}"
EndProject
Project("{FAE04EC0-301F-11D3-BF4B-00C04F79EFBC}") = "SpeedLimitFollowup.Test", "SpeedLimitFollowup.Test\SpeedLimitFollowup.Test.csproj", "{A897304E-CEDE-41E9-B798-1401D185AA3B}"
EndProject
Global
	GlobalSection(SolutionConfigurationPlatforms) = preSolution
		Debug|Any CPU = Debug|Any CPU
		Release|Any CPU = Release|Any CPU
	EndGlobalSection
	GlobalSection(ProjectConfigurationPlatforms) = postSolution
		{8A106117-B034-42E1-942C-FA746F7CF382}.Debug|Any CPU.ActiveCfg = Debug|Any CPU
		{8A106117-B034-42E1-942C-FA746F7CF382}.Debug|Any CPU.Build.0 = Debug|Any CPU
		{8A106117-B034-42E1-942C-FA746F7CF382}.Release|Any CPU.ActiveCfg = Release|Any CPU
		{8A106117-B034-42E1-942C-FA746F7CF382}.Release|Any CPU.Build.0 = Release|Any CPU
		{30CA2FE0-BBE1-41C5-B08C-E97975C5DFAF}.Debug|Any CPU.ActiveCfg = Debug|Any CPU
		{30CA2FE0-BBE1-41C5-B08C-E97975C5DFAF}.Debug|Any CPU.Build.0 = Debug|Any CPU
		{30CA2FE0-BBE1-41C5-B08C-E97975C5DFAF}.Release|Any CPU.ActiveCfg = Release|Any CPU
		{30CA2FE0-BBE1-41C5-B08C-E97975C5DFAF}.Release|Any CPU.Build.0 = Release|Any CPU
		{A897304E-CEDE-41E9-B798-1401D185AA3B}.Debug|Any CPU.ActiveCfg = Debug|Any CPU
		{A897304E-CEDE-41E9-B798-1401D185AA3B}.Debug|Any CPU.Build.0 = Debug|Any CPU
		{A897304E-CEDE-41E9-B798-1401D185AA3B}.Release|Any CPU.ActiveCfg = Release|Any CPU
		{A897304E-CEDE-41E9-B798-1401D185AA3B}.Release|Any CPU.Build.0 = Release|Any CPU
	EndGlobalSection
	GlobalSection(SolutionProperties) = preSolution
		HideSolutionNode = FALSE
	EndGlobalSection
	GlobalSection(ExtensibilityGlobals) = postSolution
		SolutionGuid = {BA9F4EA5-0C35-4E6F-B7F3-F6351CF71914}
	EndGlobalSection
EndGlobal
